
Microsoft Visual Studio Solution File, Format Version 12.00
# Visual Studio Version 16
VisualStudioVersion = 16.0.29306.81
MinimumVisualStudioVersion = 10.0.40219.1
Project("{FAE04EC0-301F-11D3-BF4B-00C04F79EFBC}") = "UnitedPigeonAirlines.Domain", "UnitedPigeonAirlines.Domain\UnitedPigeonAirlines.Domain.csproj", "{10C08A8D-FF6D-4F21-AC3F-23CCD50E5188}"
EndProject
Project("{FAE04EC0-301F-11D3-BF4B-00C04F79EFBC}") = "UnitedPigeonAirlines.WebUI", "UnitedPigeonAirlines.WebUI\UnitedPigeonAirlines.WebUI.csproj", "{05159E39-AC53-4F2C-8249-D523601B5838}"
EndProject
Project("{FAE04EC0-301F-11D3-BF4B-00C04F79EFBC}") = "UnitedPigeonAirlines.UnitTests", "UnitedPigeonAirlines.UnitTests\UnitedPigeonAirlines.UnitTests.csproj", "{5756B4D1-0E46-451F-9F63-2AF74F89EC57}"
EndProject
Project("{FAE04EC0-301F-11D3-BF4B-00C04F79EFBC}") = "UnitedPigeonAirlines.Data", "UnitedPigeonAirlines.Data\UnitedPigeonAirlines.Data.csproj", "{93CE4E0F-96E1-4906-A2E5-6B11AE294933}"
EndProject
Project("{FAE04EC0-301F-11D3-BF4B-00C04F79EFBC}") = "UnitedPigeonAirlines.EF", "UnitedPigeonAirlines.EF\UnitedPigeonAirlines.EF.csproj", "{E2E9B1E3-DE84-4DAD-B631-094919910E1B}"
EndProject
Global
	GlobalSection(SolutionConfigurationPlatforms) = preSolution
		Debug|Any CPU = Debug|Any CPU
		Release|Any CPU = Release|Any CPU
	EndGlobalSection
	GlobalSection(ProjectConfigurationPlatforms) = postSolution
		{10C08A8D-FF6D-4F21-AC3F-23CCD50E5188}.Debug|Any CPU.ActiveCfg = Debug|Any CPU
		{10C08A8D-FF6D-4F21-AC3F-23CCD50E5188}.Debug|Any CPU.Build.0 = Debug|Any CPU
		{10C08A8D-FF6D-4F21-AC3F-23CCD50E5188}.Release|Any CPU.ActiveCfg = Release|Any CPU
		{10C08A8D-FF6D-4F21-AC3F-23CCD50E5188}.Release|Any CPU.Build.0 = Release|Any CPU
		{05159E39-AC53-4F2C-8249-D523601B5838}.Debug|Any CPU.ActiveCfg = Debug|Any CPU
		{05159E39-AC53-4F2C-8249-D523601B5838}.Debug|Any CPU.Build.0 = Debug|Any CPU
		{05159E39-AC53-4F2C-8249-D523601B5838}.Release|Any CPU.ActiveCfg = Release|Any CPU
		{05159E39-AC53-4F2C-8249-D523601B5838}.Release|Any CPU.Build.0 = Release|Any CPU
		{5756B4D1-0E46-451F-9F63-2AF74F89EC57}.Debug|Any CPU.ActiveCfg = Debug|Any CPU
		{5756B4D1-0E46-451F-9F63-2AF74F89EC57}.Debug|Any CPU.Build.0 = Debug|Any CPU
		{5756B4D1-0E46-451F-9F63-2AF74F89EC57}.Release|Any CPU.ActiveCfg = Release|Any CPU
		{5756B4D1-0E46-451F-9F63-2AF74F89EC57}.Release|Any CPU.Build.0 = Release|Any CPU
		{93CE4E0F-96E1-4906-A2E5-6B11AE294933}.Debug|Any CPU.ActiveCfg = Debug|Any CPU
		{93CE4E0F-96E1-4906-A2E5-6B11AE294933}.Debug|Any CPU.Build.0 = Debug|Any CPU
		{93CE4E0F-96E1-4906-A2E5-6B11AE294933}.Release|Any CPU.ActiveCfg = Release|Any CPU
		{93CE4E0F-96E1-4906-A2E5-6B11AE294933}.Release|Any CPU.Build.0 = Release|Any CPU
		{E2E9B1E3-DE84-4DAD-B631-094919910E1B}.Debug|Any CPU.ActiveCfg = Debug|Any CPU
		{E2E9B1E3-DE84-4DAD-B631-094919910E1B}.Debug|Any CPU.Build.0 = Debug|Any CPU
		{E2E9B1E3-DE84-4DAD-B631-094919910E1B}.Release|Any CPU.ActiveCfg = Release|Any CPU
		{E2E9B1E3-DE84-4DAD-B631-094919910E1B}.Release|Any CPU.Build.0 = Release|Any CPU
	EndGlobalSection
	GlobalSection(SolutionProperties) = preSolution
		HideSolutionNode = FALSE
	EndGlobalSection
	GlobalSection(ExtensibilityGlobals) = postSolution
		SolutionGuid = {042BCFF8-2030-4FE0-875B-5AD89777998B}
	EndGlobalSection
EndGlobal
